// !$*UTF8*$!
{
	archiveVersion = 1;
	classes = {
	};
	objectVersion = 46;
	objects = {

/* Begin PBXBuildFile section */
		4255A319143FA367009D5671 /* CGPathAdditions.m in Sources */ = {isa = PBXBuildFile; fileRef = 4255A2F1143FA367009D5671 /* CGPathAdditions.m */; };
		4255A31A143FA367009D5671 /* SVGCircleElement.m in Sources */ = {isa = PBXBuildFile; fileRef = 4255A2F3143FA367009D5671 /* SVGCircleElement.m */; };
		4255A31B143FA367009D5671 /* SVGDefsElement.m in Sources */ = {isa = PBXBuildFile; fileRef = 4255A2F5143FA367009D5671 /* SVGDefsElement.m */; };
		4255A31C143FA367009D5671 /* SVGDescriptionElement.m in Sources */ = {isa = PBXBuildFile; fileRef = 4255A2F7143FA367009D5671 /* SVGDescriptionElement.m */; };
		4255A31D143FA367009D5671 /* SVGDocument.m in Sources */ = {isa = PBXBuildFile; fileRef = 4255A2F9143FA367009D5671 /* SVGDocument.m */; };
		4255A31E143FA367009D5671 /* SVGDocument+CA.m in Sources */ = {isa = PBXBuildFile; fileRef = 4255A2FB143FA367009D5671 /* SVGDocument+CA.m */; };
		4255A31F143FA367009D5671 /* SVGElement.m in Sources */ = {isa = PBXBuildFile; fileRef = 4255A2FD143FA367009D5671 /* SVGElement.m */; };
		4255A320143FA367009D5671 /* SVGEllipseElement.m in Sources */ = {isa = PBXBuildFile; fileRef = 4255A300143FA367009D5671 /* SVGEllipseElement.m */; };
		4255A321143FA367009D5671 /* SVGGroupElement.m in Sources */ = {isa = PBXBuildFile; fileRef = 4255A302143FA367009D5671 /* SVGGroupElement.m */; };
		4255A322143FA367009D5671 /* SVGImageElement.m in Sources */ = {isa = PBXBuildFile; fileRef = 4255A304143FA367009D5671 /* SVGImageElement.m */; };
		4255A323143FA367009D5671 /* SVGLineElement.m in Sources */ = {isa = PBXBuildFile; fileRef = 4255A307143FA367009D5671 /* SVGLineElement.m */; };
		4255A324143FA367009D5671 /* SVGParser.m in Sources */ = {isa = PBXBuildFile; fileRef = 4255A309143FA367009D5671 /* SVGParser.m */; };
		4255A325143FA367009D5671 /* SVGPathElement.m in Sources */ = {isa = PBXBuildFile; fileRef = 4255A30B143FA367009D5671 /* SVGPathElement.m */; };
		4255A326143FA367009D5671 /* SVGPolygonElement.m in Sources */ = {isa = PBXBuildFile; fileRef = 4255A30D143FA367009D5671 /* SVGPolygonElement.m */; };
		4255A327143FA367009D5671 /* SVGPolylineElement.m in Sources */ = {isa = PBXBuildFile; fileRef = 4255A30F143FA367009D5671 /* SVGPolylineElement.m */; };
		4255A328143FA367009D5671 /* SVGRectElement.m in Sources */ = {isa = PBXBuildFile; fileRef = 4255A311143FA367009D5671 /* SVGRectElement.m */; };
		4255A329143FA367009D5671 /* SVGShapeElement.m in Sources */ = {isa = PBXBuildFile; fileRef = 4255A313143FA367009D5671 /* SVGShapeElement.m */; };
		4255A32A143FA367009D5671 /* SVGTitleElement.m in Sources */ = {isa = PBXBuildFile; fileRef = 4255A316143FA367009D5671 /* SVGTitleElement.m */; };
		4255A32B143FA367009D5671 /* SVGUtils.m in Sources */ = {isa = PBXBuildFile; fileRef = 4255A318143FA367009D5671 /* SVGUtils.m */; };
		4255A32E143FA370009D5671 /* SVGView.m in Sources */ = {isa = PBXBuildFile; fileRef = 4255A32D143FA370009D5671 /* SVGView.m */; };
		42777A8913AE240E00462E3E /* UIKit.framework in Frameworks */ = {isa = PBXBuildFile; fileRef = 42777A8813AE240E00462E3E /* UIKit.framework */; };
		42777A8B13AE240E00462E3E /* Foundation.framework in Frameworks */ = {isa = PBXBuildFile; fileRef = 42777A8A13AE240E00462E3E /* Foundation.framework */; };
		42777A8D13AE240E00462E3E /* CoreGraphics.framework in Frameworks */ = {isa = PBXBuildFile; fileRef = 42777A8C13AE240E00462E3E /* CoreGraphics.framework */; };
		42777A9313AE240E00462E3E /* InfoPlist.strings in Resources */ = {isa = PBXBuildFile; fileRef = 42777A9113AE240E00462E3E /* InfoPlist.strings */; };
		42777A9513AE240E00462E3E /* main.m in Sources */ = {isa = PBXBuildFile; fileRef = 42777A9413AE240E00462E3E /* main.m */; };
		42777A9913AE240E00462E3E /* SvgLoaderAppDelegate.m in Sources */ = {isa = PBXBuildFile; fileRef = 42777A9813AE240E00462E3E /* SvgLoaderAppDelegate.m */; };
		42777A9C13AE240E00462E3E /* MainStoryboard.storyboard in Resources */ = {isa = PBXBuildFile; fileRef = 42777A9A13AE240E00462E3E /* MainStoryboard.storyboard */; };
		42777A9F13AE240E00462E3E /* RootViewController.m in Sources */ = {isa = PBXBuildFile; fileRef = 42777A9E13AE240E00462E3E /* RootViewController.m */; };
		42777AA113AE240E00462E3E /* DetailViewController.h in Resources */ = {isa = PBXBuildFile; fileRef = 42777AA013AE240E00462E3E /* DetailViewController.h */; };
		42777AA313AE240E00462E3E /* DetailViewController.m in Sources */ = {isa = PBXBuildFile; fileRef = 42777AA213AE240E00462E3E /* DetailViewController.m */; };
		42777AAB13AE240E00462E3E /* SenTestingKit.framework in Frameworks */ = {isa = PBXBuildFile; fileRef = 42777AAA13AE240E00462E3E /* SenTestingKit.framework */; };
		42777AAC13AE240E00462E3E /* UIKit.framework in Frameworks */ = {isa = PBXBuildFile; fileRef = 42777A8813AE240E00462E3E /* UIKit.framework */; };
		42777AAD13AE240E00462E3E /* Foundation.framework in Frameworks */ = {isa = PBXBuildFile; fileRef = 42777A8A13AE240E00462E3E /* Foundation.framework */; };
		42777AAE13AE240E00462E3E /* CoreGraphics.framework in Frameworks */ = {isa = PBXBuildFile; fileRef = 42777A8C13AE240E00462E3E /* CoreGraphics.framework */; };
		42777AB613AE240E00462E3E /* InfoPlist.strings in Resources */ = {isa = PBXBuildFile; fileRef = 42777AB413AE240E00462E3E /* InfoPlist.strings */; };
		42777AB813AE240E00462E3E /* SvgLoaderTests.h in Resources */ = {isa = PBXBuildFile; fileRef = 42777AB713AE240E00462E3E /* SvgLoaderTests.h */; };
		42777ABA13AE240E00462E3E /* SvgLoaderTests.m in Sources */ = {isa = PBXBuildFile; fileRef = 42777AB913AE240E00462E3E /* SvgLoaderTests.m */; };
		42777B0613AE274300462E3E /* QuartzCore.framework in Frameworks */ = {isa = PBXBuildFile; fileRef = 42777B0513AE274300462E3E /* QuartzCore.framework */; };
		42D85EC213AE2BD800E882CD /* Lion.svg in Resources */ = {isa = PBXBuildFile; fileRef = 42D85EB313AE2BD800E882CD /* Lion.svg */; };
		42D85EC313AE2BD800E882CD /* Monkey.svg in Resources */ = {isa = PBXBuildFile; fileRef = 42D85EB413AE2BD800E882CD /* Monkey.svg */; };
		42D85EC413AE2BD800E882CD /* Note.svg in Resources */ = {isa = PBXBuildFile; fileRef = 42D85EB513AE2BD800E882CD /* Note.svg */; };
		42D85EC513AE2BD800E882CD /* Skype-1.skitch in Resources */ = {isa = PBXBuildFile; fileRef = 42D85EB613AE2BD800E882CD /* Skype-1.skitch */; };
		42D85EC613AE2BD800E882CD /* Skype-2.skitch in Resources */ = {isa = PBXBuildFile; fileRef = 42D85EB713AE2BD800E882CD /* Skype-2.skitch */; };
		42D85EC713AE2BD800E882CD /* Skype-3.skitch in Resources */ = {isa = PBXBuildFile; fileRef = 42D85EB813AE2BD800E882CD /* Skype-3.skitch */; };
		42D85EC813AE2BD800E882CD /* Skype-4.skitch in Resources */ = {isa = PBXBuildFile; fileRef = 42D85EB913AE2BD800E882CD /* Skype-4.skitch */; };
		42D85EC913AE2BD800E882CD /* Skype-5.skitch in Resources */ = {isa = PBXBuildFile; fileRef = 42D85EBA13AE2BD800E882CD /* Skype-5.skitch */; };
		42D85ECA13AE2BD800E882CD /* Skype-6.skitch in Resources */ = {isa = PBXBuildFile; fileRef = 42D85EBB13AE2BD800E882CD /* Skype-6.skitch */; };
		42D85ECB13AE2BD800E882CD /* Skype-7.skitch in Resources */ = {isa = PBXBuildFile; fileRef = 42D85EBC13AE2BD800E882CD /* Skype-7.skitch */; };
		42D85ECC13AE2BD800E882CD /* Skype-8.skitch in Resources */ = {isa = PBXBuildFile; fileRef = 42D85EBD13AE2BD800E882CD /* Skype-8.skitch */; };
		42D85ECD13AE2BD800E882CD /* Skype-9.skitch in Resources */ = {isa = PBXBuildFile; fileRef = 42D85EBE13AE2BD800E882CD /* Skype-9.skitch */; };
		42D85ECE13AE2BD800E882CD /* Skype-10.skitch in Resources */ = {isa = PBXBuildFile; fileRef = 42D85EBF13AE2BD800E882CD /* Skype-10.skitch */; };
		42D85ECF13AE2BD800E882CD /* Skype-11.skitch in Resources */ = {isa = PBXBuildFile; fileRef = 42D85EC013AE2BD800E882CD /* Skype-11.skitch */; };
		42D85ED013AE2BD800E882CD /* Skype-12.skitch in Resources */ = {isa = PBXBuildFile; fileRef = 42D85EC113AE2BD800E882CD /* Skype-12.skitch */; };
		42F1941213AE395200518B5C /* skitched-45.skitch in Resources */ = {isa = PBXBuildFile; fileRef = 42F1941113AE395200518B5C /* skitched-45.skitch */; };
		42F1941513AE3CB000518B5C /* skitched-45.svg in Resources */ = {isa = PBXBuildFile; fileRef = 42F1941413AE3CB000518B5C /* skitched-45.svg */; };
/* End PBXBuildFile section */

/* Begin PBXContainerItemProxy section */
		42777AAF13AE240E00462E3E /* PBXContainerItemProxy */ = {
			isa = PBXContainerItemProxy;
			containerPortal = 42777A7B13AE240E00462E3E /* Project object */;
			proxyType = 1;
			remoteGlobalIDString = 42777A8313AE240E00462E3E;
			remoteInfo = SvgLoader;
		};
/* End PBXContainerItemProxy section */

/* Begin PBXFileReference section */
		4255A2F0143FA367009D5671 /* CGPathAdditions.h */ = {isa = PBXFileReference; fileEncoding = 4; lastKnownFileType = sourcecode.c.h; name = CGPathAdditions.h; path = Externals/SVGKit/Core/CGPathAdditions.h; sourceTree = SOURCE_ROOT; };
		4255A2F1143FA367009D5671 /* CGPathAdditions.m */ = {isa = PBXFileReference; fileEncoding = 4; lastKnownFileType = sourcecode.c.objc; name = CGPathAdditions.m; path = Externals/SVGKit/Core/CGPathAdditions.m; sourceTree = SOURCE_ROOT; };
		4255A2F2143FA367009D5671 /* SVGCircleElement.h */ = {isa = PBXFileReference; fileEncoding = 4; lastKnownFileType = sourcecode.c.h; name = SVGCircleElement.h; path = Externals/SVGKit/Core/SVGCircleElement.h; sourceTree = SOURCE_ROOT; };
		4255A2F3143FA367009D5671 /* SVGCircleElement.m */ = {isa = PBXFileReference; fileEncoding = 4; lastKnownFileType = sourcecode.c.objc; name = SVGCircleElement.m; path = Externals/SVGKit/Core/SVGCircleElement.m; sourceTree = SOURCE_ROOT; };
		4255A2F4143FA367009D5671 /* SVGDefsElement.h */ = {isa = PBXFileReference; fileEncoding = 4; lastKnownFileType = sourcecode.c.h; name = SVGDefsElement.h; path = Externals/SVGKit/Core/SVGDefsElement.h; sourceTree = SOURCE_ROOT; };
		4255A2F5143FA367009D5671 /* SVGDefsElement.m */ = {isa = PBXFileReference; fileEncoding = 4; lastKnownFileType = sourcecode.c.objc; name = SVGDefsElement.m; path = Externals/SVGKit/Core/SVGDefsElement.m; sourceTree = SOURCE_ROOT; };
		4255A2F6143FA367009D5671 /* SVGDescriptionElement.h */ = {isa = PBXFileReference; fileEncoding = 4; lastKnownFileType = sourcecode.c.h; name = SVGDescriptionElement.h; path = Externals/SVGKit/Core/SVGDescriptionElement.h; sourceTree = SOURCE_ROOT; };
		4255A2F7143FA367009D5671 /* SVGDescriptionElement.m */ = {isa = PBXFileReference; fileEncoding = 4; lastKnownFileType = sourcecode.c.objc; name = SVGDescriptionElement.m; path = Externals/SVGKit/Core/SVGDescriptionElement.m; sourceTree = SOURCE_ROOT; };
		4255A2F8143FA367009D5671 /* SVGDocument.h */ = {isa = PBXFileReference; fileEncoding = 4; lastKnownFileType = sourcecode.c.h; name = SVGDocument.h; path = Externals/SVGKit/Core/SVGDocument.h; sourceTree = SOURCE_ROOT; };
		4255A2F9143FA367009D5671 /* SVGDocument.m */ = {isa = PBXFileReference; fileEncoding = 4; lastKnownFileType = sourcecode.c.objc; name = SVGDocument.m; path = Externals/SVGKit/Core/SVGDocument.m; sourceTree = SOURCE_ROOT; };
		4255A2FA143FA367009D5671 /* SVGDocument+CA.h */ = {isa = PBXFileReference; fileEncoding = 4; lastKnownFileType = sourcecode.c.h; name = "SVGDocument+CA.h"; path = "Externals/SVGKit/Core/SVGDocument+CA.h"; sourceTree = SOURCE_ROOT; };
		4255A2FB143FA367009D5671 /* SVGDocument+CA.m */ = {isa = PBXFileReference; fileEncoding = 4; lastKnownFileType = sourcecode.c.objc; name = "SVGDocument+CA.m"; path = "Externals/SVGKit/Core/SVGDocument+CA.m"; sourceTree = SOURCE_ROOT; };
		4255A2FC143FA367009D5671 /* SVGElement.h */ = {isa = PBXFileReference; fileEncoding = 4; lastKnownFileType = sourcecode.c.h; name = SVGElement.h; path = Externals/SVGKit/Core/SVGElement.h; sourceTree = SOURCE_ROOT; };
		4255A2FD143FA367009D5671 /* SVGElement.m */ = {isa = PBXFileReference; fileEncoding = 4; lastKnownFileType = sourcecode.c.objc; name = SVGElement.m; path = Externals/SVGKit/Core/SVGElement.m; sourceTree = SOURCE_ROOT; };
		4255A2FE143FA367009D5671 /* SVGElement+Private.h */ = {isa = PBXFileReference; fileEncoding = 4; lastKnownFileType = sourcecode.c.h; name = "SVGElement+Private.h"; path = "Externals/SVGKit/Core/SVGElement+Private.h"; sourceTree = SOURCE_ROOT; };
		4255A2FF143FA367009D5671 /* SVGEllipseElement.h */ = {isa = PBXFileReference; fileEncoding = 4; lastKnownFileType = sourcecode.c.h; name = SVGEllipseElement.h; path = Externals/SVGKit/Core/SVGEllipseElement.h; sourceTree = SOURCE_ROOT; };
		4255A300143FA367009D5671 /* SVGEllipseElement.m */ = {isa = PBXFileReference; fileEncoding = 4; lastKnownFileType = sourcecode.c.objc; name = SVGEllipseElement.m; path = Externals/SVGKit/Core/SVGEllipseElement.m; sourceTree = SOURCE_ROOT; };
		4255A301143FA367009D5671 /* SVGGroupElement.h */ = {isa = PBXFileReference; fileEncoding = 4; lastKnownFileType = sourcecode.c.h; name = SVGGroupElement.h; path = Externals/SVGKit/Core/SVGGroupElement.h; sourceTree = SOURCE_ROOT; };
		4255A302143FA367009D5671 /* SVGGroupElement.m */ = {isa = PBXFileReference; fileEncoding = 4; lastKnownFileType = sourcecode.c.objc; name = SVGGroupElement.m; path = Externals/SVGKit/Core/SVGGroupElement.m; sourceTree = SOURCE_ROOT; };
		4255A303143FA367009D5671 /* SVGImageElement.h */ = {isa = PBXFileReference; fileEncoding = 4; lastKnownFileType = sourcecode.c.h; name = SVGImageElement.h; path = Externals/SVGKit/Core/SVGImageElement.h; sourceTree = SOURCE_ROOT; };
		4255A304143FA367009D5671 /* SVGImageElement.m */ = {isa = PBXFileReference; fileEncoding = 4; lastKnownFileType = sourcecode.c.objc; name = SVGImageElement.m; path = Externals/SVGKit/Core/SVGImageElement.m; sourceTree = SOURCE_ROOT; };
		4255A305143FA367009D5671 /* SVGKit.h */ = {isa = PBXFileReference; fileEncoding = 4; lastKnownFileType = sourcecode.c.h; name = SVGKit.h; path = Externals/SVGKit/Core/SVGKit.h; sourceTree = SOURCE_ROOT; };
		4255A306143FA367009D5671 /* SVGLineElement.h */ = {isa = PBXFileReference; fileEncoding = 4; lastKnownFileType = sourcecode.c.h; name = SVGLineElement.h; path = Externals/SVGKit/Core/SVGLineElement.h; sourceTree = SOURCE_ROOT; };
		4255A307143FA367009D5671 /* SVGLineElement.m */ = {isa = PBXFileReference; fileEncoding = 4; lastKnownFileType = sourcecode.c.objc; name = SVGLineElement.m; path = Externals/SVGKit/Core/SVGLineElement.m; sourceTree = SOURCE_ROOT; };
		4255A308143FA367009D5671 /* SVGParser.h */ = {isa = PBXFileReference; fileEncoding = 4; lastKnownFileType = sourcecode.c.h; name = SVGParser.h; path = Externals/SVGKit/Core/SVGParser.h; sourceTree = SOURCE_ROOT; };
		4255A309143FA367009D5671 /* SVGParser.m */ = {isa = PBXFileReference; fileEncoding = 4; lastKnownFileType = sourcecode.c.objc; name = SVGParser.m; path = Externals/SVGKit/Core/SVGParser.m; sourceTree = SOURCE_ROOT; };
		4255A30A143FA367009D5671 /* SVGPathElement.h */ = {isa = PBXFileReference; fileEncoding = 4; lastKnownFileType = sourcecode.c.h; name = SVGPathElement.h; path = Externals/SVGKit/Core/SVGPathElement.h; sourceTree = SOURCE_ROOT; };
		4255A30B143FA367009D5671 /* SVGPathElement.m */ = {isa = PBXFileReference; fileEncoding = 4; lastKnownFileType = sourcecode.c.objc; name = SVGPathElement.m; path = Externals/SVGKit/Core/SVGPathElement.m; sourceTree = SOURCE_ROOT; };
		4255A30C143FA367009D5671 /* SVGPolygonElement.h */ = {isa = PBXFileReference; fileEncoding = 4; lastKnownFileType = sourcecode.c.h; name = SVGPolygonElement.h; path = Externals/SVGKit/Core/SVGPolygonElement.h; sourceTree = SOURCE_ROOT; };
		4255A30D143FA367009D5671 /* SVGPolygonElement.m */ = {isa = PBXFileReference; fileEncoding = 4; lastKnownFileType = sourcecode.c.objc; name = SVGPolygonElement.m; path = Externals/SVGKit/Core/SVGPolygonElement.m; sourceTree = SOURCE_ROOT; };
		4255A30E143FA367009D5671 /* SVGPolylineElement.h */ = {isa = PBXFileReference; fileEncoding = 4; lastKnownFileType = sourcecode.c.h; name = SVGPolylineElement.h; path = Externals/SVGKit/Core/SVGPolylineElement.h; sourceTree = SOURCE_ROOT; };
		4255A30F143FA367009D5671 /* SVGPolylineElement.m */ = {isa = PBXFileReference; fileEncoding = 4; lastKnownFileType = sourcecode.c.objc; name = SVGPolylineElement.m; path = Externals/SVGKit/Core/SVGPolylineElement.m; sourceTree = SOURCE_ROOT; };
		4255A310143FA367009D5671 /* SVGRectElement.h */ = {isa = PBXFileReference; fileEncoding = 4; lastKnownFileType = sourcecode.c.h; name = SVGRectElement.h; path = Externals/SVGKit/Core/SVGRectElement.h; sourceTree = SOURCE_ROOT; };
		4255A311143FA367009D5671 /* SVGRectElement.m */ = {isa = PBXFileReference; fileEncoding = 4; lastKnownFileType = sourcecode.c.objc; name = SVGRectElement.m; path = Externals/SVGKit/Core/SVGRectElement.m; sourceTree = SOURCE_ROOT; };
		4255A312143FA367009D5671 /* SVGShapeElement.h */ = {isa = PBXFileReference; fileEncoding = 4; lastKnownFileType = sourcecode.c.h; name = SVGShapeElement.h; path = Externals/SVGKit/Core/SVGShapeElement.h; sourceTree = SOURCE_ROOT; };
		4255A313143FA367009D5671 /* SVGShapeElement.m */ = {isa = PBXFileReference; fileEncoding = 4; lastKnownFileType = sourcecode.c.objc; name = SVGShapeElement.m; path = Externals/SVGKit/Core/SVGShapeElement.m; sourceTree = SOURCE_ROOT; };
		4255A314143FA367009D5671 /* SVGShapeElement+Private.h */ = {isa = PBXFileReference; fileEncoding = 4; lastKnownFileType = sourcecode.c.h; name = "SVGShapeElement+Private.h"; path = "Externals/SVGKit/Core/SVGShapeElement+Private.h"; sourceTree = SOURCE_ROOT; };
		4255A315143FA367009D5671 /* SVGTitleElement.h */ = {isa = PBXFileReference; fileEncoding = 4; lastKnownFileType = sourcecode.c.h; name = SVGTitleElement.h; path = Externals/SVGKit/Core/SVGTitleElement.h; sourceTree = SOURCE_ROOT; };
		4255A316143FA367009D5671 /* SVGTitleElement.m */ = {isa = PBXFileReference; fileEncoding = 4; lastKnownFileType = sourcecode.c.objc; name = SVGTitleElement.m; path = Externals/SVGKit/Core/SVGTitleElement.m; sourceTree = SOURCE_ROOT; };
		4255A317143FA367009D5671 /* SVGUtils.h */ = {isa = PBXFileReference; fileEncoding = 4; lastKnownFileType = sourcecode.c.h; name = SVGUtils.h; path = Externals/SVGKit/Core/SVGUtils.h; sourceTree = SOURCE_ROOT; };
		4255A318143FA367009D5671 /* SVGUtils.m */ = {isa = PBXFileReference; fileEncoding = 4; lastKnownFileType = sourcecode.c.objc; name = SVGUtils.m; path = Externals/SVGKit/Core/SVGUtils.m; sourceTree = SOURCE_ROOT; };
		4255A32C143FA370009D5671 /* SVGView.h */ = {isa = PBXFileReference; fileEncoding = 4; lastKnownFileType = sourcecode.c.h; name = SVGView.h; path = Externals/SVGKit/iOS/SVGView.h; sourceTree = SOURCE_ROOT; };
		4255A32D143FA370009D5671 /* SVGView.m */ = {isa = PBXFileReference; fileEncoding = 4; lastKnownFileType = sourcecode.c.objc; name = SVGView.m; path = Externals/SVGKit/iOS/SVGView.m; sourceTree = SOURCE_ROOT; };
		42777A8413AE240E00462E3E /* SvgLoader.app */ = {isa = PBXFileReference; explicitFileType = wrapper.application; includeInIndex = 0; path = SvgLoader.app; sourceTree = BUILT_PRODUCTS_DIR; };
		42777A8813AE240E00462E3E /* UIKit.framework */ = {isa = PBXFileReference; lastKnownFileType = wrapper.framework; name = UIKit.framework; path = System/Library/Frameworks/UIKit.framework; sourceTree = SDKROOT; };
		42777A8A13AE240E00462E3E /* Foundation.framework */ = {isa = PBXFileReference; lastKnownFileType = wrapper.framework; name = Foundation.framework; path = System/Library/Frameworks/Foundation.framework; sourceTree = SDKROOT; };
		42777A8C13AE240E00462E3E /* CoreGraphics.framework */ = {isa = PBXFileReference; lastKnownFileType = wrapper.framework; name = CoreGraphics.framework; path = System/Library/Frameworks/CoreGraphics.framework; sourceTree = SDKROOT; };
		42777A9013AE240E00462E3E /* SvgLoader-Info.plist */ = {isa = PBXFileReference; lastKnownFileType = text.plist.xml; path = "SvgLoader-Info.plist"; sourceTree = "<group>"; };
		42777A9213AE240E00462E3E /* en */ = {isa = PBXFileReference; lastKnownFileType = text.plist.strings; name = en; path = en.lproj/InfoPlist.strings; sourceTree = "<group>"; };
		42777A9413AE240E00462E3E /* main.m */ = {isa = PBXFileReference; lastKnownFileType = sourcecode.c.objc; path = main.m; sourceTree = "<group>"; };
		42777A9613AE240E00462E3E /* SvgLoader-Prefix.pch */ = {isa = PBXFileReference; lastKnownFileType = sourcecode.c.h; path = "SvgLoader-Prefix.pch"; sourceTree = "<group>"; };
		42777A9713AE240E00462E3E /* SvgLoaderAppDelegate.h */ = {isa = PBXFileReference; lastKnownFileType = sourcecode.c.h; path = SvgLoaderAppDelegate.h; sourceTree = "<group>"; };
		42777A9813AE240E00462E3E /* SvgLoaderAppDelegate.m */ = {isa = PBXFileReference; lastKnownFileType = sourcecode.c.objc; path = SvgLoaderAppDelegate.m; sourceTree = "<group>"; };
		42777A9B13AE240E00462E3E /* en */ = {isa = PBXFileReference; lastKnownFileType = file.storyboard; name = en; path = en.lproj/MainStoryboard.storyboard; sourceTree = "<group>"; };
		42777A9D13AE240E00462E3E /* RootViewController.h */ = {isa = PBXFileReference; lastKnownFileType = sourcecode.c.h; path = RootViewController.h; sourceTree = "<group>"; };
		42777A9E13AE240E00462E3E /* RootViewController.m */ = {isa = PBXFileReference; lastKnownFileType = sourcecode.c.objc; path = RootViewController.m; sourceTree = "<group>"; };
		42777AA013AE240E00462E3E /* DetailViewController.h */ = {isa = PBXFileReference; lastKnownFileType = sourcecode.c.h; path = DetailViewController.h; sourceTree = "<group>"; };
		42777AA213AE240E00462E3E /* DetailViewController.m */ = {isa = PBXFileReference; lastKnownFileType = sourcecode.c.objc; path = DetailViewController.m; sourceTree = "<group>"; };
		42777AA913AE240E00462E3E /* SvgLoaderTests.octest */ = {isa = PBXFileReference; explicitFileType = wrapper.cfbundle; includeInIndex = 0; path = SvgLoaderTests.octest; sourceTree = BUILT_PRODUCTS_DIR; };
		42777AAA13AE240E00462E3E /* SenTestingKit.framework */ = {isa = PBXFileReference; lastKnownFileType = wrapper.framework; name = SenTestingKit.framework; path = Library/Frameworks/SenTestingKit.framework; sourceTree = DEVELOPER_DIR; };
		42777AB313AE240E00462E3E /* SvgLoaderTests-Info.plist */ = {isa = PBXFileReference; lastKnownFileType = text.plist.xml; path = "SvgLoaderTests-Info.plist"; sourceTree = "<group>"; };
		42777AB513AE240E00462E3E /* en */ = {isa = PBXFileReference; lastKnownFileType = text.plist.strings; name = en; path = en.lproj/InfoPlist.strings; sourceTree = "<group>"; };
		42777AB713AE240E00462E3E /* SvgLoaderTests.h */ = {isa = PBXFileReference; lastKnownFileType = sourcecode.c.h; path = SvgLoaderTests.h; sourceTree = "<group>"; };
		42777AB913AE240E00462E3E /* SvgLoaderTests.m */ = {isa = PBXFileReference; lastKnownFileType = sourcecode.c.objc; path = SvgLoaderTests.m; sourceTree = "<group>"; };
		42777B0513AE274300462E3E /* QuartzCore.framework */ = {isa = PBXFileReference; lastKnownFileType = wrapper.framework; name = QuartzCore.framework; path = System/Library/Frameworks/QuartzCore.framework; sourceTree = SDKROOT; };
		42D85EB313AE2BD800E882CD /* Lion.svg */ = {isa = PBXFileReference; fileEncoding = 4; lastKnownFileType = text.xml; name = Lion.svg; path = Resources/SVG/Lion.svg; sourceTree = "<group>"; };
		42D85EB413AE2BD800E882CD /* Monkey.svg */ = {isa = PBXFileReference; fileEncoding = 4; lastKnownFileType = text.xml; name = Monkey.svg; path = Resources/SVG/Monkey.svg; sourceTree = "<group>"; };
		42D85EB513AE2BD800E882CD /* Note.svg */ = {isa = PBXFileReference; fileEncoding = 4; lastKnownFileType = text.xml; name = Note.svg; path = Resources/SVG/Note.svg; sourceTree = "<group>"; };
		42D85EB613AE2BD800E882CD /* Skype-1.skitch */ = {isa = PBXFileReference; fileEncoding = 4; lastKnownFileType = text.xml; name = "Skype-1.skitch"; path = "Resources/SVG/Skype-1.skitch"; sourceTree = "<group>"; };
		42D85EB713AE2BD800E882CD /* Skype-2.skitch */ = {isa = PBXFileReference; fileEncoding = 4; lastKnownFileType = text.xml; name = "Skype-2.skitch"; path = "Resources/SVG/Skype-2.skitch"; sourceTree = "<group>"; };
		42D85EB813AE2BD800E882CD /* Skype-3.skitch */ = {isa = PBXFileReference; fileEncoding = 4; lastKnownFileType = text.xml; name = "Skype-3.skitch"; path = "Resources/SVG/Skype-3.skitch"; sourceTree = "<group>"; };
		42D85EB913AE2BD800E882CD /* Skype-4.skitch */ = {isa = PBXFileReference; fileEncoding = 4; lastKnownFileType = text.xml; name = "Skype-4.skitch"; path = "Resources/SVG/Skype-4.skitch"; sourceTree = "<group>"; };
		42D85EBA13AE2BD800E882CD /* Skype-5.skitch */ = {isa = PBXFileReference; fileEncoding = 4; lastKnownFileType = text.xml; name = "Skype-5.skitch"; path = "Resources/SVG/Skype-5.skitch"; sourceTree = "<group>"; };
		42D85EBB13AE2BD800E882CD /* Skype-6.skitch */ = {isa = PBXFileReference; fileEncoding = 4; lastKnownFileType = text.xml; name = "Skype-6.skitch"; path = "Resources/SVG/Skype-6.skitch"; sourceTree = "<group>"; };
		42D85EBC13AE2BD800E882CD /* Skype-7.skitch */ = {isa = PBXFileReference; fileEncoding = 4; lastKnownFileType = text.xml; name = "Skype-7.skitch"; path = "Resources/SVG/Skype-7.skitch"; sourceTree = "<group>"; };
		42D85EBD13AE2BD800E882CD /* Skype-8.skitch */ = {isa = PBXFileReference; fileEncoding = 4; lastKnownFileType = text.xml; name = "Skype-8.skitch"; path = "Resources/SVG/Skype-8.skitch"; sourceTree = "<group>"; };
		42D85EBE13AE2BD800E882CD /* Skype-9.skitch */ = {isa = PBXFileReference; fileEncoding = 4; lastKnownFileType = text.xml; name = "Skype-9.skitch"; path = "Resources/SVG/Skype-9.skitch"; sourceTree = "<group>"; };
		42D85EBF13AE2BD800E882CD /* Skype-10.skitch */ = {isa = PBXFileReference; fileEncoding = 4; lastKnownFileType = text.xml; name = "Skype-10.skitch"; path = "Resources/SVG/Skype-10.skitch"; sourceTree = "<group>"; };
		42D85EC013AE2BD800E882CD /* Skype-11.skitch */ = {isa = PBXFileReference; fileEncoding = 4; lastKnownFileType = text.xml; name = "Skype-11.skitch"; path = "Resources/SVG/Skype-11.skitch"; sourceTree = "<group>"; };
		42D85EC113AE2BD800E882CD /* Skype-12.skitch */ = {isa = PBXFileReference; fileEncoding = 4; lastKnownFileType = text.xml; name = "Skype-12.skitch"; path = "Resources/SVG/Skype-12.skitch"; sourceTree = "<group>"; };
		42F1941113AE395200518B5C /* skitched-45.skitch */ = {isa = PBXFileReference; fileEncoding = 4; lastKnownFileType = text.xml; name = "skitched-45.skitch"; path = "Resources/SVG/skitched-45.skitch"; sourceTree = "<group>"; };
		42F1941413AE3CB000518B5C /* skitched-45.svg */ = {isa = PBXFileReference; fileEncoding = 4; lastKnownFileType = text.xml; name = "skitched-45.svg"; path = "Resources/SVG/skitched-45.svg"; sourceTree = "<group>"; };
/* End PBXFileReference section */

/* Begin PBXFrameworksBuildPhase section */
		42777A8113AE240E00462E3E /* Frameworks */ = {
			isa = PBXFrameworksBuildPhase;
			buildActionMask = 2147483647;
			files = (
				42777B0613AE274300462E3E /* QuartzCore.framework in Frameworks */,
				42777A8913AE240E00462E3E /* UIKit.framework in Frameworks */,
				42777A8B13AE240E00462E3E /* Foundation.framework in Frameworks */,
				42777A8D13AE240E00462E3E /* CoreGraphics.framework in Frameworks */,
			);
			runOnlyForDeploymentPostprocessing = 0;
		};
		42777AA513AE240E00462E3E /* Frameworks */ = {
			isa = PBXFrameworksBuildPhase;
			buildActionMask = 2147483647;
			files = (
				42777AAB13AE240E00462E3E /* SenTestingKit.framework in Frameworks */,
				42777AAC13AE240E00462E3E /* UIKit.framework in Frameworks */,
				42777AAD13AE240E00462E3E /* Foundation.framework in Frameworks */,
				42777AAE13AE240E00462E3E /* CoreGraphics.framework in Frameworks */,
			);
			runOnlyForDeploymentPostprocessing = 0;
		};
/* End PBXFrameworksBuildPhase section */

/* Begin PBXGroup section */
		42777A7913AE240E00462E3E = {
			isa = PBXGroup;
			children = (
				42777A8E13AE240E00462E3E /* SvgLoader */,
				42777AB113AE240E00462E3E /* SvgLoaderTests */,
				42777A8713AE240E00462E3E /* Frameworks */,
				42777A8513AE240E00462E3E /* Products */,
			);
			sourceTree = "<group>";
		};
		42777A8513AE240E00462E3E /* Products */ = {
			isa = PBXGroup;
			children = (
				42777A8413AE240E00462E3E /* SvgLoader.app */,
				42777AA913AE240E00462E3E /* SvgLoaderTests.octest */,
			);
			name = Products;
			sourceTree = "<group>";
		};
		42777A8713AE240E00462E3E /* Frameworks */ = {
			isa = PBXGroup;
			children = (
				42777B0513AE274300462E3E /* QuartzCore.framework */,
				42777A8813AE240E00462E3E /* UIKit.framework */,
				42777A8A13AE240E00462E3E /* Foundation.framework */,
				42777A8C13AE240E00462E3E /* CoreGraphics.framework */,
				42777AAA13AE240E00462E3E /* SenTestingKit.framework */,
			);
			name = Frameworks;
			sourceTree = "<group>";
		};
		42777A8E13AE240E00462E3E /* SvgLoader */ = {
			isa = PBXGroup;
			children = (
				42777AC313AE241700462E3E /* Classes */,
				42777A9713AE240E00462E3E /* SvgLoaderAppDelegate.h */,
				42777A9813AE240E00462E3E /* SvgLoaderAppDelegate.m */,
				42777A9A13AE240E00462E3E /* MainStoryboard.storyboard */,
				42777A9D13AE240E00462E3E /* RootViewController.h */,
				42777A9E13AE240E00462E3E /* RootViewController.m */,
				42777AA013AE240E00462E3E /* DetailViewController.h */,
				42777AA213AE240E00462E3E /* DetailViewController.m */,
				42777A8F13AE240E00462E3E /* Supporting Files */,
			);
			path = SvgLoader;
			sourceTree = "<group>";
		};
		42777A8F13AE240E00462E3E /* Supporting Files */ = {
			isa = PBXGroup;
			children = (
				42D85EB013AE2BC300E882CD /* Resources */,
				42777A9013AE240E00462E3E /* SvgLoader-Info.plist */,
				42777A9113AE240E00462E3E /* InfoPlist.strings */,
				42777A9413AE240E00462E3E /* main.m */,
				42777A9613AE240E00462E3E /* SvgLoader-Prefix.pch */,
			);
			name = "Supporting Files";
			sourceTree = "<group>";
		};
		42777AB113AE240E00462E3E /* SvgLoaderTests */ = {
			isa = PBXGroup;
			children = (
				42777AB713AE240E00462E3E /* SvgLoaderTests.h */,
				42777AB913AE240E00462E3E /* SvgLoaderTests.m */,
				42777AB213AE240E00462E3E /* Supporting Files */,
			);
			path = SvgLoaderTests;
			sourceTree = "<group>";
		};
		42777AB213AE240E00462E3E /* Supporting Files */ = {
			isa = PBXGroup;
			children = (
				42777AB313AE240E00462E3E /* SvgLoaderTests-Info.plist */,
				42777AB413AE240E00462E3E /* InfoPlist.strings */,
			);
			name = "Supporting Files";
			sourceTree = "<group>";
		};
		42777AC313AE241700462E3E /* Classes */ = {
			isa = PBXGroup;
			children = (
				42777AC413AE241C00462E3E /* SVGKit */,
			);
			name = Classes;
			sourceTree = "<group>";
		};
		42777AC413AE241C00462E3E /* SVGKit */ = {
			isa = PBXGroup;
			children = (
				42777AC513AE244000462E3E /* Core */,
				42777AED13AE244000462E3E /* iOS */,
			);
			name = SVGKit;
			sourceTree = "<group>";
		};
		42777AC513AE244000462E3E /* Core */ = {
			isa = PBXGroup;
			children = (
				4255A2F0143FA367009D5671 /* CGPathAdditions.h */,
				4255A2F1143FA367009D5671 /* CGPathAdditions.m */,
				4255A2F2143FA367009D5671 /* SVGCircleElement.h */,
				4255A2F3143FA367009D5671 /* SVGCircleElement.m */,
				4255A2F4143FA367009D5671 /* SVGDefsElement.h */,
				4255A2F5143FA367009D5671 /* SVGDefsElement.m */,
				4255A2F6143FA367009D5671 /* SVGDescriptionElement.h */,
				4255A2F7143FA367009D5671 /* SVGDescriptionElement.m */,
				4255A2F8143FA367009D5671 /* SVGDocument.h */,
				4255A2F9143FA367009D5671 /* SVGDocument.m */,
				4255A2FA143FA367009D5671 /* SVGDocument+CA.h */,
				4255A2FB143FA367009D5671 /* SVGDocument+CA.m */,
				4255A2FC143FA367009D5671 /* SVGElement.h */,
				4255A2FD143FA367009D5671 /* SVGElement.m */,
				4255A2FE143FA367009D5671 /* SVGElement+Private.h */,
				4255A2FF143FA367009D5671 /* SVGEllipseElement.h */,
				4255A300143FA367009D5671 /* SVGEllipseElement.m */,
				4255A301143FA367009D5671 /* SVGGroupElement.h */,
				4255A302143FA367009D5671 /* SVGGroupElement.m */,
				4255A303143FA367009D5671 /* SVGImageElement.h */,
				4255A304143FA367009D5671 /* SVGImageElement.m */,
				4255A305143FA367009D5671 /* SVGKit.h */,
				4255A306143FA367009D5671 /* SVGLineElement.h */,
				4255A307143FA367009D5671 /* SVGLineElement.m */,
				4255A308143FA367009D5671 /* SVGParser.h */,
				4255A309143FA367009D5671 /* SVGParser.m */,
				4255A30A143FA367009D5671 /* SVGPathElement.h */,
				4255A30B143FA367009D5671 /* SVGPathElement.m */,
				4255A30C143FA367009D5671 /* SVGPolygonElement.h */,
				4255A30D143FA367009D5671 /* SVGPolygonElement.m */,
				4255A30E143FA367009D5671 /* SVGPolylineElement.h */,
				4255A30F143FA367009D5671 /* SVGPolylineElement.m */,
				4255A310143FA367009D5671 /* SVGRectElement.h */,
				4255A311143FA367009D5671 /* SVGRectElement.m */,
				4255A312143FA367009D5671 /* SVGShapeElement.h */,
				4255A313143FA367009D5671 /* SVGShapeElement.m */,
				4255A314143FA367009D5671 /* SVGShapeElement+Private.h */,
				4255A315143FA367009D5671 /* SVGTitleElement.h */,
				4255A316143FA367009D5671 /* SVGTitleElement.m */,
				4255A317143FA367009D5671 /* SVGUtils.h */,
				4255A318143FA367009D5671 /* SVGUtils.m */,
			);
			name = Core;
			path = Classes/SVGKit/Core;
			sourceTree = "<group>";
		};
		42777AED13AE244000462E3E /* iOS */ = {
			isa = PBXGroup;
			children = (
				4255A32C143FA370009D5671 /* SVGView.h */,
				4255A32D143FA370009D5671 /* SVGView.m */,
			);
			name = iOS;
			path = Classes/SVGKit/iOS;
			sourceTree = "<group>";
		};
		42D85EB013AE2BC300E882CD /* Resources */ = {
			isa = PBXGroup;
			children = (
				42D85EB213AE2BCE00E882CD /* SVG */,
			);
			name = Resources;
			sourceTree = "<group>";
		};
		42D85EB213AE2BCE00E882CD /* SVG */ = {
			isa = PBXGroup;
			children = (
				42D85EB313AE2BD800E882CD /* Lion.svg */,
				42D85EB413AE2BD800E882CD /* Monkey.svg */,
				42D85EB513AE2BD800E882CD /* Note.svg */,
				42F1941413AE3CB000518B5C /* skitched-45.svg */,
				42F1941113AE395200518B5C /* skitched-45.skitch */,
				42D85EB613AE2BD800E882CD /* Skype-1.skitch */,
				42D85EB713AE2BD800E882CD /* Skype-2.skitch */,
				42D85EB813AE2BD800E882CD /* Skype-3.skitch */,
				42D85EB913AE2BD800E882CD /* Skype-4.skitch */,
				42D85EBA13AE2BD800E882CD /* Skype-5.skitch */,
				42D85EBB13AE2BD800E882CD /* Skype-6.skitch */,
				42D85EBC13AE2BD800E882CD /* Skype-7.skitch */,
				42D85EBD13AE2BD800E882CD /* Skype-8.skitch */,
				42D85EBE13AE2BD800E882CD /* Skype-9.skitch */,
				42D85EBF13AE2BD800E882CD /* Skype-10.skitch */,
				42D85EC013AE2BD800E882CD /* Skype-11.skitch */,
				42D85EC113AE2BD800E882CD /* Skype-12.skitch */,
			);
			name = SVG;
			sourceTree = "<group>";
		};
/* End PBXGroup section */

/* Begin PBXNativeTarget section */
		42777A8313AE240E00462E3E /* SvgLoader */ = {
			isa = PBXNativeTarget;
			buildConfigurationList = 42777ABD13AE240E00462E3E /* Build configuration list for PBXNativeTarget "SvgLoader" */;
			buildPhases = (
				42777A8013AE240E00462E3E /* Sources */,
				42777A8113AE240E00462E3E /* Frameworks */,
				42777A8213AE240E00462E3E /* Resources */,
			);
			buildRules = (
			);
			dependencies = (
			);
			name = SvgLoader;
			productName = SvgLoader;
			productReference = 42777A8413AE240E00462E3E /* SvgLoader.app */;
			productType = "com.apple.product-type.application";
		};
		42777AA813AE240E00462E3E /* SvgLoaderTests */ = {
			isa = PBXNativeTarget;
			buildConfigurationList = 42777AC013AE240E00462E3E /* Build configuration list for PBXNativeTarget "SvgLoaderTests" */;
			buildPhases = (
				42777AA413AE240E00462E3E /* Sources */,
				42777AA513AE240E00462E3E /* Frameworks */,
				42777AA613AE240E00462E3E /* Resources */,
				42777AA713AE240E00462E3E /* ShellScript */,
			);
			buildRules = (
			);
			dependencies = (
				42777AB013AE240E00462E3E /* PBXTargetDependency */,
			);
			name = SvgLoaderTests;
			productName = SvgLoaderTests;
			productReference = 42777AA913AE240E00462E3E /* SvgLoaderTests.octest */;
			productType = "com.apple.product-type.bundle";
		};
/* End PBXNativeTarget section */

/* Begin PBXProject section */
		42777A7B13AE240E00462E3E /* Project object */ = {
			isa = PBXProject;
			attributes = {
				LastUpgradeCheck = 0420;
			};
			buildConfigurationList = 42777A7E13AE240E00462E3E /* Build configuration list for PBXProject "SvgLoader" */;
			compatibilityVersion = "Xcode 3.2";
			developmentRegion = English;
			hasScannedForEncodings = 0;
			knownRegions = (
				en,
			);
			mainGroup = 42777A7913AE240E00462E3E;
			productRefGroup = 42777A8513AE240E00462E3E /* Products */;
			projectDirPath = "";
			projectRoot = "";
			targets = (
				42777A8313AE240E00462E3E /* SvgLoader */,
				42777AA813AE240E00462E3E /* SvgLoaderTests */,
			);
		};
/* End PBXProject section */

/* Begin PBXResourcesBuildPhase section */
		42777A8213AE240E00462E3E /* Resources */ = {
			isa = PBXResourcesBuildPhase;
			buildActionMask = 2147483647;
			files = (
				42777A9313AE240E00462E3E /* InfoPlist.strings in Resources */,
				42777A9C13AE240E00462E3E /* MainStoryboard.storyboard in Resources */,
				42777AA113AE240E00462E3E /* DetailViewController.h in Resources */,
				42D85EC213AE2BD800E882CD /* Lion.svg in Resources */,
				42D85EC313AE2BD800E882CD /* Monkey.svg in Resources */,
				42D85EC413AE2BD800E882CD /* Note.svg in Resources */,
				42D85EC513AE2BD800E882CD /* Skype-1.skitch in Resources */,
				42D85EC613AE2BD800E882CD /* Skype-2.skitch in Resources */,
				42D85EC713AE2BD800E882CD /* Skype-3.skitch in Resources */,
				42D85EC813AE2BD800E882CD /* Skype-4.skitch in Resources */,
				42D85EC913AE2BD800E882CD /* Skype-5.skitch in Resources */,
				42D85ECA13AE2BD800E882CD /* Skype-6.skitch in Resources */,
				42D85ECB13AE2BD800E882CD /* Skype-7.skitch in Resources */,
				42D85ECC13AE2BD800E882CD /* Skype-8.skitch in Resources */,
				42D85ECD13AE2BD800E882CD /* Skype-9.skitch in Resources */,
				42D85ECE13AE2BD800E882CD /* Skype-10.skitch in Resources */,
				42D85ECF13AE2BD800E882CD /* Skype-11.skitch in Resources */,
				42D85ED013AE2BD800E882CD /* Skype-12.skitch in Resources */,
				42F1941213AE395200518B5C /* skitched-45.skitch in Resources */,
				42F1941513AE3CB000518B5C /* skitched-45.svg in Resources */,
			);
			runOnlyForDeploymentPostprocessing = 0;
		};
		42777AA613AE240E00462E3E /* Resources */ = {
			isa = PBXResourcesBuildPhase;
			buildActionMask = 2147483647;
			files = (
				42777AB613AE240E00462E3E /* InfoPlist.strings in Resources */,
				42777AB813AE240E00462E3E /* SvgLoaderTests.h in Resources */,
			);
			runOnlyForDeploymentPostprocessing = 0;
		};
/* End PBXResourcesBuildPhase section */

/* Begin PBXShellScriptBuildPhase section */
		42777AA713AE240E00462E3E /* ShellScript */ = {
			isa = PBXShellScriptBuildPhase;
			buildActionMask = 2147483647;
			files = (
			);
			inputPaths = (
			);
			outputPaths = (
			);
			runOnlyForDeploymentPostprocessing = 0;
			shellPath = /bin/sh;
			shellScript = "# Run the unit tests in this test bundle.\n\"${SYSTEM_DEVELOPER_DIR}/Tools/RunUnitTests\"\n";
		};
/* End PBXShellScriptBuildPhase section */

/* Begin PBXSourcesBuildPhase section */
		42777A8013AE240E00462E3E /* Sources */ = {
			isa = PBXSourcesBuildPhase;
			buildActionMask = 2147483647;
			files = (
				42777A9513AE240E00462E3E /* main.m in Sources */,
				42777A9913AE240E00462E3E /* SvgLoaderAppDelegate.m in Sources */,
				42777A9F13AE240E00462E3E /* RootViewController.m in Sources */,
				42777AA313AE240E00462E3E /* DetailViewController.m in Sources */,
				4255A319143FA367009D5671 /* CGPathAdditions.m in Sources */,
				4255A31A143FA367009D5671 /* SVGCircleElement.m in Sources */,
				4255A31B143FA367009D5671 /* SVGDefsElement.m in Sources */,
				4255A31C143FA367009D5671 /* SVGDescriptionElement.m in Sources */,
				4255A31D143FA367009D5671 /* SVGDocument.m in Sources */,
				4255A31E143FA367009D5671 /* SVGDocument+CA.m in Sources */,
				4255A31F143FA367009D5671 /* SVGElement.m in Sources */,
				4255A320143FA367009D5671 /* SVGEllipseElement.m in Sources */,
				4255A321143FA367009D5671 /* SVGGroupElement.m in Sources */,
				4255A322143FA367009D5671 /* SVGImageElement.m in Sources */,
				4255A323143FA367009D5671 /* SVGLineElement.m in Sources */,
				4255A324143FA367009D5671 /* SVGParser.m in Sources */,
				4255A325143FA367009D5671 /* SVGPathElement.m in Sources */,
				4255A326143FA367009D5671 /* SVGPolygonElement.m in Sources */,
				4255A327143FA367009D5671 /* SVGPolylineElement.m in Sources */,
				4255A328143FA367009D5671 /* SVGRectElement.m in Sources */,
				4255A329143FA367009D5671 /* SVGShapeElement.m in Sources */,
				4255A32A143FA367009D5671 /* SVGTitleElement.m in Sources */,
				4255A32B143FA367009D5671 /* SVGUtils.m in Sources */,
				4255A32E143FA370009D5671 /* SVGView.m in Sources */,
			);
			runOnlyForDeploymentPostprocessing = 0;
		};
		42777AA413AE240E00462E3E /* Sources */ = {
			isa = PBXSourcesBuildPhase;
			buildActionMask = 2147483647;
			files = (
				42777ABA13AE240E00462E3E /* SvgLoaderTests.m in Sources */,
			);
			runOnlyForDeploymentPostprocessing = 0;
		};
/* End PBXSourcesBuildPhase section */

/* Begin PBXTargetDependency section */
		42777AB013AE240E00462E3E /* PBXTargetDependency */ = {
			isa = PBXTargetDependency;
			target = 42777A8313AE240E00462E3E /* SvgLoader */;
			targetProxy = 42777AAF13AE240E00462E3E /* PBXContainerItemProxy */;
		};
/* End PBXTargetDependency section */

/* Begin PBXVariantGroup section */
		42777A9113AE240E00462E3E /* InfoPlist.strings */ = {
			isa = PBXVariantGroup;
			children = (
				42777A9213AE240E00462E3E /* en */,
			);
			name = InfoPlist.strings;
			sourceTree = "<group>";
		};
		42777A9A13AE240E00462E3E /* MainStoryboard.storyboard */ = {
			isa = PBXVariantGroup;
			children = (
				42777A9B13AE240E00462E3E /* en */,
			);
			name = MainStoryboard.storyboard;
			sourceTree = "<group>";
		};
		42777AB413AE240E00462E3E /* InfoPlist.strings */ = {
			isa = PBXVariantGroup;
			children = (
				42777AB513AE240E00462E3E /* en */,
			);
			name = InfoPlist.strings;
			sourceTree = "<group>";
		};
/* End PBXVariantGroup section */

/* Begin XCBuildConfiguration section */
		42777ABB13AE240E00462E3E /* Debug */ = {
			isa = XCBuildConfiguration;
			buildSettings = {
				ALWAYS_SEARCH_USER_PATHS = NO;
				ARCHS = "$(ARCHS_STANDARD_32_BIT)";
				CLANG_ENABLE_OBJC_ARC = NO;
				"CODE_SIGN_IDENTITY[sdk=iphoneos*]" = "iPhone Developer";
				COPY_PHASE_STRIP = NO;
				GCC_C_LANGUAGE_STANDARD = gnu99;
				GCC_DYNAMIC_NO_PIC = NO;
				GCC_OPTIMIZATION_LEVEL = 0;
				GCC_PREPROCESSOR_DEFINITIONS = (
					"DEBUG=1",
					"$(inherited)",
				);
				GCC_SYMBOLS_PRIVATE_EXTERN = NO;
				GCC_VERSION = com.apple.compilers.llvm.clang.1_0;
				GCC_WARN_ABOUT_MISSING_PROTOTYPES = YES;
				GCC_WARN_ABOUT_RETURN_TYPE = YES;
				GCC_WARN_UNUSED_VARIABLE = YES;
				HEADER_SEARCH_PATHS = "$(SDKROOT)/usr/include/libxml2";
				IPHONEOS_DEPLOYMENT_TARGET = 5.0;
				OTHER_LDFLAGS = "-lxml2";
				SDKROOT = iphoneos;
			};
			name = Debug;
		};
		42777ABC13AE240E00462E3E /* Release */ = {
			isa = XCBuildConfiguration;
			buildSettings = {
				ALWAYS_SEARCH_USER_PATHS = NO;
				ARCHS = "$(ARCHS_STANDARD_32_BIT)";
				CLANG_ENABLE_OBJC_ARC = NO;
				"CODE_SIGN_IDENTITY[sdk=iphoneos*]" = "iPhone Developer";
				COPY_PHASE_STRIP = YES;
				GCC_C_LANGUAGE_STANDARD = gnu99;
				GCC_VERSION = com.apple.compilers.llvm.clang.1_0;
				GCC_WARN_ABOUT_MISSING_PROTOTYPES = YES;
				GCC_WARN_ABOUT_RETURN_TYPE = YES;
				GCC_WARN_UNUSED_VARIABLE = YES;
				HEADER_SEARCH_PATHS = "$(SDKROOT)/usr/include/libxml2";
				IPHONEOS_DEPLOYMENT_TARGET = 5.0;
				OTHER_CFLAGS = "-DNS_BLOCK_ASSERTIONS=1";
				OTHER_LDFLAGS = "-lxml2";
				SDKROOT = iphoneos;
				VALIDATE_PRODUCT = YES;
			};
			name = Release;
		};
		42777ABE13AE240E00462E3E /* Debug */ = {
			isa = XCBuildConfiguration;
			buildSettings = {
				GCC_PRECOMPILE_PREFIX_HEADER = YES;
				GCC_PREFIX_HEADER = "SvgLoader/SvgLoader-Prefix.pch";
				INFOPLIST_FILE = "SvgLoader/SvgLoader-Info.plist";
				PRODUCT_NAME = "$(TARGET_NAME)";
				WRAPPER_EXTENSION = app;
			};
			name = Debug;
		};
		42777ABF13AE240E00462E3E /* Release */ = {
			isa = XCBuildConfiguration;
			buildSettings = {
				GCC_PRECOMPILE_PREFIX_HEADER = YES;
				GCC_PREFIX_HEADER = "SvgLoader/SvgLoader-Prefix.pch";
				INFOPLIST_FILE = "SvgLoader/SvgLoader-Info.plist";
				PRODUCT_NAME = "$(TARGET_NAME)";
				WRAPPER_EXTENSION = app;
			};
			name = Release;
		};
		42777AC113AE240E00462E3E /* Debug */ = {
			isa = XCBuildConfiguration;
			buildSettings = {
				BUNDLE_LOADER = "$(BUILT_PRODUCTS_DIR)/SvgLoader.app/SvgLoader";
				FRAMEWORK_SEARCH_PATHS = (
					"$(SDKROOT)/Developer/Library/Frameworks",
					"$(DEVELOPER_LIBRARY_DIR)/Frameworks",
				);
				GCC_PRECOMPILE_PREFIX_HEADER = YES;
				GCC_PREFIX_HEADER = "SvgLoader/SvgLoader-Prefix.pch";
				INFOPLIST_FILE = "SvgLoaderTests/SvgLoaderTests-Info.plist";
				PRODUCT_NAME = "$(TARGET_NAME)";
				TEST_HOST = "$(BUNDLE_LOADER)";
				WRAPPER_EXTENSION = octest;
			};
			name = Debug;
		};
		42777AC213AE240E00462E3E /* Release */ = {
			isa = XCBuildConfiguration;
			buildSettings = {
				BUNDLE_LOADER = "$(BUILT_PRODUCTS_DIR)/SvgLoader.app/SvgLoader";
				FRAMEWORK_SEARCH_PATHS = (
					"$(SDKROOT)/Developer/Library/Frameworks",
					"$(DEVELOPER_LIBRARY_DIR)/Frameworks",
				);
				GCC_PRECOMPILE_PREFIX_HEADER = YES;
				GCC_PREFIX_HEADER = "SvgLoader/SvgLoader-Prefix.pch";
				INFOPLIST_FILE = "SvgLoaderTests/SvgLoaderTests-Info.plist";
				PRODUCT_NAME = "$(TARGET_NAME)";
				TEST_HOST = "$(BUNDLE_LOADER)";
				WRAPPER_EXTENSION = octest;
			};
			name = Release;
		};
/* End XCBuildConfiguration section */

/* Begin XCConfigurationList section */
		42777A7E13AE240E00462E3E /* Build configuration list for PBXProject "SvgLoader" */ = {
			isa = XCConfigurationList;
			buildConfigurations = (
				42777ABB13AE240E00462E3E /* Debug */,
				42777ABC13AE240E00462E3E /* Release */,
			);
			defaultConfigurationIsVisible = 0;
			defaultConfigurationName = Release;
		};
		42777ABD13AE240E00462E3E /* Build configuration list for PBXNativeTarget "SvgLoader" */ = {
			isa = XCConfigurationList;
			buildConfigurations = (
				42777ABE13AE240E00462E3E /* Debug */,
				42777ABF13AE240E00462E3E /* Release */,
			);
			defaultConfigurationIsVisible = 0;
			defaultConfigurationName = Release;
		};
		42777AC013AE240E00462E3E /* Build configuration list for PBXNativeTarget "SvgLoaderTests" */ = {
			isa = XCConfigurationList;
			buildConfigurations = (
				42777AC113AE240E00462E3E /* Debug */,
				42777AC213AE240E00462E3E /* Release */,
			);
			defaultConfigurationIsVisible = 0;
			defaultConfigurationName = Release;
		};
/* End XCConfigurationList section */
	};
	rootObject = 42777A7B13AE240E00462E3E /* Project object */;
}
